
Microsoft Visual Studio Solution File, Format Version 12.00
# Visual Studio 14
VisualStudioVersion = 14.0.24720.0
MinimumVisualStudioVersion = 10.0.40219.1
Project("{8BC9CEB8-8B4A-11D0-8D11-00A0C91BC942}") = "RK_frontend", "RK_frontend\RK_frontend.vcxproj", "{4271F461-9F59-436E-88B2-4510A28726CF}"
	ProjectSection(ProjectDependencies) = postProject
		{4FAC0DDC-57B2-4A1E-BED8-3FA7CB3B3BAE} = {4FAC0DDC-57B2-4A1E-BED8-3FA7CB3B3BAE}
	EndProjectSection
EndProject
Project("{FAE04EC0-301F-11D3-BF4B-00C04F79EFBC}") = "CommentRemover", "..\CommentRemover\CommentRemover.csproj", "{7878EFB0-5917-46BB-AE2C-5B8C27727279}"
EndProject
Project("{2150E333-8FDC-42A3-9474-1A3956D46DE8}") = "Tools", "Tools", "{CA058C33-68FA-4A58-90F7-A9BBA7E8EC66}"
EndProject
Project("{8BC9CEB8-8B4A-11D0-8D11-00A0C91BC942}") = "MPI_diffur", "..\MPI_diffur\MPI_diffur\MPI_diffur.vcxproj", "{4FAC0DDC-57B2-4A1E-BED8-3FA7CB3B3BAE}"
EndProject
Project("{8BC9CEB8-8B4A-11D0-8D11-00A0C91BC942}") = "antlr4cpp-vs2015", "ANTLR4-src\antlr4cpp-vs2015.vcxproj", "{A9762991-1B57-4DCE-90C0-EE42B96947BE}"
EndProject
Global
	GlobalSection(SolutionConfigurationPlatforms) = preSolution
		Debug DLL|Any CPU = Debug DLL|Any CPU
		Debug DLL|x64 = Debug DLL|x64
		Debug DLL|x86 = Debug DLL|x86
		Debug|Any CPU = Debug|Any CPU
		Debug|x64 = Debug|x64
		Debug|x86 = Debug|x86
		Release DLL|Any CPU = Release DLL|Any CPU
		Release DLL|x64 = Release DLL|x64
		Release DLL|x86 = Release DLL|x86
		Release II|Any CPU = Release II|Any CPU
		Release II|x64 = Release II|x64
		Release II|x86 = Release II|x86
		Release Static|Any CPU = Release Static|Any CPU
		Release Static|x64 = Release Static|x64
		Release Static|x86 = Release Static|x86
		Release|Any CPU = Release|Any CPU
		Release|x64 = Release|x64
		Release|x86 = Release|x86
	EndGlobalSection
	GlobalSection(ProjectConfigurationPlatforms) = postSolution
		{4271F461-9F59-436E-88B2-4510A28726CF}.Debug DLL|Any CPU.ActiveCfg = Release|x64
		{4271F461-9F59-436E-88B2-4510A28726CF}.Debug DLL|Any CPU.Build.0 = Release|x64
		{4271F461-9F59-436E-88B2-4510A28726CF}.Debug DLL|x64.ActiveCfg = Debug|x64
		{4271F461-9F59-436E-88B2-4510A28726CF}.Debug DLL|x64.Build.0 = Debug|x64
		{4271F461-9F59-436E-88B2-4510A28726CF}.Debug DLL|x86.ActiveCfg = Debug|Win32
		{4271F461-9F59-436E-88B2-4510A28726CF}.Debug DLL|x86.Build.0 = Debug|Win32
		{4271F461-9F59-436E-88B2-4510A28726CF}.Debug|Any CPU.ActiveCfg = Debug|Win32
		{4271F461-9F59-436E-88B2-4510A28726CF}.Debug|x64.ActiveCfg = Debug|x64
		{4271F461-9F59-436E-88B2-4510A28726CF}.Debug|x64.Build.0 = Debug|x64
		{4271F461-9F59-436E-88B2-4510A28726CF}.Debug|x86.ActiveCfg = Debug|Win32
		{4271F461-9F59-436E-88B2-4510A28726CF}.Debug|x86.Build.0 = Debug|Win32
		{4271F461-9F59-436E-88B2-4510A28726CF}.Release DLL|Any CPU.ActiveCfg = Release|x64
		{4271F461-9F59-436E-88B2-4510A28726CF}.Release DLL|Any CPU.Build.0 = Release|x64
		{4271F461-9F59-436E-88B2-4510A28726CF}.Release DLL|x64.ActiveCfg = Release|x64
		{4271F461-9F59-436E-88B2-4510A28726CF}.Release DLL|x64.Build.0 = Release|x64
		{4271F461-9F59-436E-88B2-4510A28726CF}.Release DLL|x86.ActiveCfg = Release|Win32
		{4271F461-9F59-436E-88B2-4510A28726CF}.Release DLL|x86.Build.0 = Release|Win32
		{4271F461-9F59-436E-88B2-4510A28726CF}.Release II|Any CPU.ActiveCfg = Release II|Win32
		{4271F461-9F59-436E-88B2-4510A28726CF}.Release II|x64.ActiveCfg = Release II|x64
		{4271F461-9F59-436E-88B2-4510A28726CF}.Release II|x64.Build.0 = Release II|x64
		{4271F461-9F59-436E-88B2-4510A28726CF}.Release II|x86.ActiveCfg = Release II|Win32
		{4271F461-9F59-436E-88B2-4510A28726CF}.Release II|x86.Build.0 = Release II|Win32
		{4271F461-9F59-436E-88B2-4510A28726CF}.Release Static|Any CPU.ActiveCfg = Release|x64
		{4271F461-9F59-436E-88B2-4510A28726CF}.Release Static|Any CPU.Build.0 = Release|x64
		{4271F461-9F59-436E-88B2-4510A28726CF}.Release Static|x64.ActiveCfg = Release|x64
		{4271F461-9F59-436E-88B2-4510A28726CF}.Release Static|x64.Build.0 = Release|x64
		{4271F461-9F59-436E-88B2-4510A28726CF}.Release Static|x86.ActiveCfg = Release|Win32
		{4271F461-9F59-436E-88B2-4510A28726CF}.Release Static|x86.Build.0 = Release|Win32
		{4271F461-9F59-436E-88B2-4510A28726CF}.Release|Any CPU.ActiveCfg = Release|Win32
		{4271F461-9F59-436E-88B2-4510A28726CF}.Release|x64.ActiveCfg = Release|x64
		{4271F461-9F59-436E-88B2-4510A28726CF}.Release|x64.Build.0 = Release|x64
		{4271F461-9F59-436E-88B2-4510A28726CF}.Release|x86.ActiveCfg = Release|Win32
		{4271F461-9F59-436E-88B2-4510A28726CF}.Release|x86.Build.0 = Release|Win32
		{7878EFB0-5917-46BB-AE2C-5B8C27727279}.Debug DLL|Any CPU.ActiveCfg = Debug|Any CPU
		{7878EFB0-5917-46BB-AE2C-5B8C27727279}.Debug DLL|Any CPU.Build.0 = Debug|Any CPU
		{7878EFB0-5917-46BB-AE2C-5B8C27727279}.Debug DLL|x64.ActiveCfg = Debug|Any CPU
		{7878EFB0-5917-46BB-AE2C-5B8C27727279}.Debug DLL|x64.Build.0 = Debug|Any CPU
		{7878EFB0-5917-46BB-AE2C-5B8C27727279}.Debug DLL|x86.ActiveCfg = Debug|Any CPU
		{7878EFB0-5917-46BB-AE2C-5B8C27727279}.Debug DLL|x86.Build.0 = Debug|Any CPU
		{7878EFB0-5917-46BB-AE2C-5B8C27727279}.Debug|Any CPU.ActiveCfg = Debug|Any CPU
		{7878EFB0-5917-46BB-AE2C-5B8C27727279}.Debug|Any CPU.Build.0 = Debug|Any CPU
		{7878EFB0-5917-46BB-AE2C-5B8C27727279}.Debug|x64.ActiveCfg = Debug|Any CPU
		{7878EFB0-5917-46BB-AE2C-5B8C27727279}.Debug|x64.Build.0 = Debug|Any CPU
		{7878EFB0-5917-46BB-AE2C-5B8C27727279}.Debug|x86.ActiveCfg = Debug|Any CPU
		{7878EFB0-5917-46BB-AE2C-5B8C27727279}.Debug|x86.Build.0 = Debug|Any CPU
		{7878EFB0-5917-46BB-AE2C-5B8C27727279}.Release DLL|Any CPU.ActiveCfg = Release|Any CPU
		{7878EFB0-5917-46BB-AE2C-5B8C27727279}.Release DLL|Any CPU.Build.0 = Release|Any CPU
		{7878EFB0-5917-46BB-AE2C-5B8C27727279}.Release DLL|x64.ActiveCfg = Release|Any CPU
		{7878EFB0-5917-46BB-AE2C-5B8C27727279}.Release DLL|x64.Build.0 = Release|Any CPU
		{7878EFB0-5917-46BB-AE2C-5B8C27727279}.Release DLL|x86.ActiveCfg = Release|Any CPU
		{7878EFB0-5917-46BB-AE2C-5B8C27727279}.Release DLL|x86.Build.0 = Release|Any CPU
		{7878EFB0-5917-46BB-AE2C-5B8C27727279}.Release II|Any CPU.ActiveCfg = Release II|Any CPU
		{7878EFB0-5917-46BB-AE2C-5B8C27727279}.Release II|Any CPU.Build.0 = Release II|Any CPU
		{7878EFB0-5917-46BB-AE2C-5B8C27727279}.Release II|x64.ActiveCfg = Release II|Any CPU
		{7878EFB0-5917-46BB-AE2C-5B8C27727279}.Release II|x64.Build.0 = Release II|Any CPU
		{7878EFB0-5917-46BB-AE2C-5B8C27727279}.Release II|x86.ActiveCfg = Release II|Any CPU
		{7878EFB0-5917-46BB-AE2C-5B8C27727279}.Release II|x86.Build.0 = Release II|Any CPU
		{7878EFB0-5917-46BB-AE2C-5B8C27727279}.Release Static|Any CPU.ActiveCfg = Release|Any CPU
		{7878EFB0-5917-46BB-AE2C-5B8C27727279}.Release Static|Any CPU.Build.0 = Release|Any CPU
		{7878EFB0-5917-46BB-AE2C-5B8C27727279}.Release Static|x64.ActiveCfg = Release|Any CPU
		{7878EFB0-5917-46BB-AE2C-5B8C27727279}.Release Static|x64.Build.0 = Release|Any CPU
		{7878EFB0-5917-46BB-AE2C-5B8C27727279}.Release Static|x86.ActiveCfg = Release|Any CPU
		{7878EFB0-5917-46BB-AE2C-5B8C27727279}.Release Static|x86.Build.0 = Release|Any CPU
		{7878EFB0-5917-46BB-AE2C-5B8C27727279}.Release|Any CPU.ActiveCfg = Release|Any CPU
		{7878EFB0-5917-46BB-AE2C-5B8C27727279}.Release|Any CPU.Build.0 = Release|Any CPU
		{7878EFB0-5917-46BB-AE2C-5B8C27727279}.Release|x64.ActiveCfg = Release|Any CPU
		{7878EFB0-5917-46BB-AE2C-5B8C27727279}.Release|x64.Build.0 = Release|Any CPU
		{7878EFB0-5917-46BB-AE2C-5B8C27727279}.Release|x86.ActiveCfg = Release|Any CPU
		{7878EFB0-5917-46BB-AE2C-5B8C27727279}.Release|x86.Build.0 = Release|Any CPU
		{4FAC0DDC-57B2-4A1E-BED8-3FA7CB3B3BAE}.Debug DLL|Any CPU.ActiveCfg = Release|x64
		{4FAC0DDC-57B2-4A1E-BED8-3FA7CB3B3BAE}.Debug DLL|x64.ActiveCfg = Debug|x64
		{4FAC0DDC-57B2-4A1E-BED8-3FA7CB3B3BAE}.Debug DLL|x86.ActiveCfg = Debug|Win32
		{4FAC0DDC-57B2-4A1E-BED8-3FA7CB3B3BAE}.Debug|Any CPU.ActiveCfg = Debug|Win32
		{4FAC0DDC-57B2-4A1E-BED8-3FA7CB3B3BAE}.Debug|x64.ActiveCfg = Debug|x64
		{4FAC0DDC-57B2-4A1E-BED8-3FA7CB3B3BAE}.Debug|x64.Build.0 = Debug|x64
		{4FAC0DDC-57B2-4A1E-BED8-3FA7CB3B3BAE}.Debug|x86.ActiveCfg = Debug|Win32
		{4FAC0DDC-57B2-4A1E-BED8-3FA7CB3B3BAE}.Debug|x86.Build.0 = Debug|Win32
		{4FAC0DDC-57B2-4A1E-BED8-3FA7CB3B3BAE}.Release DLL|Any CPU.ActiveCfg = Release|x64
		{4FAC0DDC-57B2-4A1E-BED8-3FA7CB3B3BAE}.Release DLL|x64.ActiveCfg = Release|x64
		{4FAC0DDC-57B2-4A1E-BED8-3FA7CB3B3BAE}.Release DLL|x86.ActiveCfg = Release|Win32
		{4FAC0DDC-57B2-4A1E-BED8-3FA7CB3B3BAE}.Release II|Any CPU.ActiveCfg = Release II|Win32
		{4FAC0DDC-57B2-4A1E-BED8-3FA7CB3B3BAE}.Release II|x64.ActiveCfg = Release II|x64
		{4FAC0DDC-57B2-4A1E-BED8-3FA7CB3B3BAE}.Release II|x64.Build.0 = Release II|x64
		{4FAC0DDC-57B2-4A1E-BED8-3FA7CB3B3BAE}.Release II|x86.ActiveCfg = Release II|Win32
		{4FAC0DDC-57B2-4A1E-BED8-3FA7CB3B3BAE}.Release II|x86.Build.0 = Release II|Win32
		{4FAC0DDC-57B2-4A1E-BED8-3FA7CB3B3BAE}.Release Static|Any CPU.ActiveCfg = Release|x64
		{4FAC0DDC-57B2-4A1E-BED8-3FA7CB3B3BAE}.Release Static|x64.ActiveCfg = Release|x64
		{4FAC0DDC-57B2-4A1E-BED8-3FA7CB3B3BAE}.Release Static|x86.ActiveCfg = Release|Win32
		{4FAC0DDC-57B2-4A1E-BED8-3FA7CB3B3BAE}.Release|Any CPU.ActiveCfg = Release|Win32
		{4FAC0DDC-57B2-4A1E-BED8-3FA7CB3B3BAE}.Release|x64.ActiveCfg = Release|x64
		{4FAC0DDC-57B2-4A1E-BED8-3FA7CB3B3BAE}.Release|x64.Build.0 = Release|x64
		{4FAC0DDC-57B2-4A1E-BED8-3FA7CB3B3BAE}.Release|x86.ActiveCfg = Release|Win32
		{4FAC0DDC-57B2-4A1E-BED8-3FA7CB3B3BAE}.Release|x86.Build.0 = Release|Win32
		{A9762991-1B57-4DCE-90C0-EE42B96947BE}.Debug DLL|Any CPU.ActiveCfg = Debug DLL|Win32
		{A9762991-1B57-4DCE-90C0-EE42B96947BE}.Debug DLL|x64.ActiveCfg = Debug DLL|x64
		{A9762991-1B57-4DCE-90C0-EE42B96947BE}.Debug DLL|x64.Build.0 = Debug DLL|x64
		{A9762991-1B57-4DCE-90C0-EE42B96947BE}.Debug DLL|x86.ActiveCfg = Debug DLL|Win32
		{A9762991-1B57-4DCE-90C0-EE42B96947BE}.Debug DLL|x86.Build.0 = Debug DLL|Win32
		{A9762991-1B57-4DCE-90C0-EE42B96947BE}.Debug|Any CPU.ActiveCfg = Debug|Win32
		{A9762991-1B57-4DCE-90C0-EE42B96947BE}.Debug|x64.ActiveCfg = Debug|x64
		{A9762991-1B57-4DCE-90C0-EE42B96947BE}.Debug|x64.Build.0 = Debug|x64
		{A9762991-1B57-4DCE-90C0-EE42B96947BE}.Debug|x86.ActiveCfg = Debug|Win32
		{A9762991-1B57-4DCE-90C0-EE42B96947BE}.Debug|x86.Build.0 = Debug|Win32
		{A9762991-1B57-4DCE-90C0-EE42B96947BE}.Release DLL|Any CPU.ActiveCfg = Release DLL|Win32
		{A9762991-1B57-4DCE-90C0-EE42B96947BE}.Release DLL|x64.ActiveCfg = Release DLL|x64
		{A9762991-1B57-4DCE-90C0-EE42B96947BE}.Release DLL|x64.Build.0 = Release DLL|x64
		{A9762991-1B57-4DCE-90C0-EE42B96947BE}.Release DLL|x86.ActiveCfg = Release DLL|Win32
		{A9762991-1B57-4DCE-90C0-EE42B96947BE}.Release DLL|x86.Build.0 = Release DLL|Win32
		{A9762991-1B57-4DCE-90C0-EE42B96947BE}.Release II|Any CPU.ActiveCfg = Release II|Win32
		{A9762991-1B57-4DCE-90C0-EE42B96947BE}.Release II|x64.ActiveCfg = Release II|x64
		{A9762991-1B57-4DCE-90C0-EE42B96947BE}.Release II|x64.Build.0 = Release II|x64
		{A9762991-1B57-4DCE-90C0-EE42B96947BE}.Release II|x86.ActiveCfg = Release II|Win32
		{A9762991-1B57-4DCE-90C0-EE42B96947BE}.Release II|x86.Build.0 = Release II|Win32
		{A9762991-1B57-4DCE-90C0-EE42B96947BE}.Release Static|Any CPU.ActiveCfg = Release|x64
		{A9762991-1B57-4DCE-90C0-EE42B96947BE}.Release Static|Any CPU.Build.0 = Release|x64
		{A9762991-1B57-4DCE-90C0-EE42B96947BE}.Release Static|x64.ActiveCfg = Release DLL|x64
		{A9762991-1B57-4DCE-90C0-EE42B96947BE}.Release Static|x64.Build.0 = Release DLL|x64
		{A9762991-1B57-4DCE-90C0-EE42B96947BE}.Release Static|x86.ActiveCfg = Release DLL|Win32
		{A9762991-1B57-4DCE-90C0-EE42B96947BE}.Release Static|x86.Build.0 = Release DLL|Win32
		{A9762991-1B57-4DCE-90C0-EE42B96947BE}.Release|Any CPU.ActiveCfg = Debug|x64
		{A9762991-1B57-4DCE-90C0-EE42B96947BE}.Release|Any CPU.Build.0 = Debug|x64
		{A9762991-1B57-4DCE-90C0-EE42B96947BE}.Release|x64.ActiveCfg = Release|x64
		{A9762991-1B57-4DCE-90C0-EE42B96947BE}.Release|x64.Build.0 = Release|x64
		{A9762991-1B57-4DCE-90C0-EE42B96947BE}.Release|x86.ActiveCfg = Release|Win32
		{A9762991-1B57-4DCE-90C0-EE42B96947BE}.Release|x86.Build.0 = Release|Win32
	EndGlobalSection
	GlobalSection(SolutionProperties) = preSolution
		HideSolutionNode = FALSE
	EndGlobalSection
	GlobalSection(NestedProjects) = preSolution
		{7878EFB0-5917-46BB-AE2C-5B8C27727279} = {CA058C33-68FA-4A58-90F7-A9BBA7E8EC66}
	EndGlobalSection
EndGlobal
